
Microsoft Visual Studio Solution File, Format Version 12.00
# Visual Studio Version 17
VisualStudioVersion = 17.11.35327.3
MinimumVisualStudioVersion = 10.0.40219.1
Project("{FAE04EC0-301F-11D3-BF4B-00C04F79EFBC}") = "muammerOrnek", "muammerOrnek\muammerOrnek.csproj", "{D61ACA71-2357-4C85-9D99-E37B98A50F1D}"
EndProject
Global
	GlobalSection(SolutionConfigurationPlatforms) = preSolution
		Debug|Any CPU = Debug|Any CPU
		Release|Any CPU = Release|Any CPU
	EndGlobalSection
	GlobalSection(ProjectConfigurationPlatforms) = postSolution
		{D61ACA71-2357-4C85-9D99-E37B98A50F1D}.Debug|Any CPU.ActiveCfg = Debug|Any CPU
		{D61ACA71-2357-4C85-9D99-E37B98A50F1D}.Debug|Any CPU.Build.0 = Debug|Any CPU
		{D61ACA71-2357-4C85-9D99-E37B98A50F1D}.Debug|Any CPU.Deploy.0 = Debug|Any CPU
		{D61ACA71-2357-4C85-9D99-E37B98A50F1D}.Release|Any CPU.ActiveCfg = Release|Any CPU
		{D61ACA71-2357-4C85-9D99-E37B98A50F1D}.Release|Any CPU.Build.0 = Release|Any CPU
		{D61ACA71-2357-4C85-9D99-E37B98A50F1D}.Release|Any CPU.Deploy.0 = Release|Any CPU
	EndGlobalSection
	GlobalSection(SolutionProperties) = preSolution
		HideSolutionNode = FALSE
	EndGlobalSection
	GlobalSection(ExtensibilityGlobals) = postSolution
		SolutionGuid = {89391904-57AA-452F-86AD-F94FA7C49BBB}
	EndGlobalSection
EndGlobal
